
Microsoft Visual Studio Solution File, Format Version 12.00
# Visual Studio for Mac
Project("{FAE04EC0-301F-11D3-BF4B-00C04F79EFBC}") = "HDRP_TestRunner", "HDRP_TestRunner.csproj", "{D97176E3-1FE1-7E87-8C27-63C7D96E0551}"
EndProject
Project("{FAE04EC0-301F-11D3-BF4B-00C04F79EFBC}") = "Unity.RenderPipelines.HighDefinition.Runtime", "Unity.RenderPipelines.HighDefinition.Runtime.csproj", "{20C4AF30-8D9D-DC8E-B9C2-BDAF960C1BA1}"
EndProject
Project("{FAE04EC0-301F-11D3-BF4B-00C04F79EFBC}") = "PostProcessingGraphicsTests", "PostProcessingGraphicsTests.csproj", "{3B488B6D-AC6E-D0C4-B559-4453A0C60885}"
EndProject
Project("{FAE04EC0-301F-11D3-BF4B-00C04F79EFBC}") = "UnityEngine.TestTools.Graphics", "UnityEngine.TestTools.Graphics.csproj", "{B17BB77F-EEE8-DD43-6888-4A15EBA47DF6}"
EndProject
Project("{FAE04EC0-301F-11D3-BF4B-00C04F79EFBC}") = "Unity.RenderPipelines.Lightweight.Runtime", "Unity.RenderPipelines.Lightweight.Runtime.csproj", "{FCBD67EC-29CD-1CFA-DD5A-DE23C045E679}"
EndProject
Project("{FAE04EC0-301F-11D3-BF4B-00C04F79EFBC}") = "Unity.TextMeshPro", "Unity.TextMeshPro.csproj", "{07A21C90-D344-AE1A-8456-9910C203B41A}"
EndProject
Project("{FAE04EC0-301F-11D3-BF4B-00C04F79EFBC}") = "Unity.RenderPipelines.Core.Runtime", "Unity.RenderPipelines.Core.Runtime.csproj", "{DF88BCE8-B64F-969D-3C39-F0C65EF04F6B}"
EndProject
Project("{FAE04EC0-301F-11D3-BF4B-00C04F79EFBC}") = "LWGraphicsTests", "LWGraphicsTests.csproj", "{B129259C-E516-F40A-A1F8-06C9E623B5CA}"
EndProject
Project("{FAE04EC0-301F-11D3-BF4B-00C04F79EFBC}") = "Unity.VisualEffectGraph.Runtime", "Unity.VisualEffectGraph.Runtime.csproj", "{CBCB4456-0002-6059-62B9-7911594C8F27}"
EndProject
Project("{FAE04EC0-301F-11D3-BF4B-00C04F79EFBC}") = "HDRP_Tests", "HDRP_Tests.csproj", "{F51A8353-D473-3AE1-B0FF-0279E8A405B6}"
EndProject
Project("{FAE04EC0-301F-11D3-BF4B-00C04F79EFBC}") = "Environment", "Environment.csproj", "{A6626B05-6FBD-8F0A-4FDC-4696921E1A9A}"
EndProject
Project("{FAE04EC0-301F-11D3-BF4B-00C04F79EFBC}") = "Unity.VisualEffectGraph.RuntimeTests", "Unity.VisualEffectGraph.RuntimeTests.csproj", "{62183360-C7C0-1A34-F9C9-9724562EE422}"
EndProject
Project("{FAE04EC0-301F-11D3-BF4B-00C04F79EFBC}") = "Unity.RenderPipelines.HighDefinition.Runtime.Tests", "Unity.RenderPipelines.HighDefinition.Runtime.Tests.csproj", "{A4D083DE-095F-E880-6AFA-A8363BA34EEB}"
EndProject
Project("{FAE04EC0-301F-11D3-BF4B-00C04F79EFBC}") = "Unity.RenderPipelines.Core.Runtime.Tests", "Unity.RenderPipelines.Core.Runtime.Tests.csproj", "{E27B0D2E-E55F-AC59-1733-A314CC18EE8B}"
EndProject
Project("{FAE04EC0-301F-11D3-BF4B-00C04F79EFBC}") = "ShaderGraphGraphicsTests", "ShaderGraphGraphicsTests.csproj", "{C855D395-0445-D14A-EA89-A5D6D36240C1}"
EndProject
Project("{FAE04EC0-301F-11D3-BF4B-00C04F79EFBC}") = "Unity.RenderPipelines.Lightweight.Runtime.Tests", "Unity.RenderPipelines.Lightweight.Runtime.Tests.csproj", "{F6D1ED2B-82C9-7E74-6DCB-F1F3369A6149}"
EndProject
Project("{FAE04EC0-301F-11D3-BF4B-00C04F79EFBC}") = "UnityEngine.TestTools.Graphics.Tests", "UnityEngine.TestTools.Graphics.Tests.csproj", "{2E0808BE-BDBE-CD4F-0AE9-68BC102FF9CD}"
EndProject
Project("{FAE04EC0-301F-11D3-BF4B-00C04F79EFBC}") = "Unity.RenderPipelines.ShaderGraph.ShaderGraphLibrary", "Unity.RenderPipelines.ShaderGraph.ShaderGraphLibrary.csproj", "{114AAB78-0DA4-48AB-A359-9E0515221173}"
EndProject
Project("{FAE04EC0-301F-11D3-BF4B-00C04F79EFBC}") = "Unity.RenderPipelines.Core.ShaderLibrary", "Unity.RenderPipelines.Core.ShaderLibrary.csproj", "{21FE3B2C-E13B-425A-BFBA-789779C1B460}"
EndProject
Project("{FAE04EC0-301F-11D3-BF4B-00C04F79EFBC}") = "Unity.ShaderGraph.Editor", "Unity.ShaderGraph.Editor.csproj", "{097081EC-B172-781E-F676-D45E858A96D6}"
EndProject
Project("{FAE04EC0-301F-11D3-BF4B-00C04F79EFBC}") = "Environment.Editor", "Environment.Editor.csproj", "{158923AE-B1CF-E896-9803-ECBA770F073A}"
EndProject
Project("{FAE04EC0-301F-11D3-BF4B-00C04F79EFBC}") = "Unity.VisualEffectGraph.Editor", "Unity.VisualEffectGraph.Editor.csproj", "{2EB5BD84-25A3-2218-54E3-84F56A379D41}"
EndProject
Project("{FAE04EC0-301F-11D3-BF4B-00C04F79EFBC}") = "Unity.PackageManagerUI.Editor", "Unity.PackageManagerUI.Editor.csproj", "{6877705C-FBD9-0C4F-5AFB-6FB431E5D39D}"
EndProject
Project("{FAE04EC0-301F-11D3-BF4B-00C04F79EFBC}") = "Unity.RenderPipelines.HighDefinition.Editor", "Unity.RenderPipelines.HighDefinition.Editor.csproj", "{436735F6-122B-A7BD-51AF-A6DE21F93312}"
EndProject
Project("{FAE04EC0-301F-11D3-BF4B-00C04F79EFBC}") = "Unity.RenderPipelines.Lightweight.Editor", "Unity.RenderPipelines.Lightweight.Editor.csproj", "{EDC54531-1C68-9C68-05EA-89DE05B39F96}"
EndProject
Project("{FAE04EC0-301F-11D3-BF4B-00C04F79EFBC}") = "Unity.RenderPipelines.Core.Editor", "Unity.RenderPipelines.Core.Editor.csproj", "{A1B3D246-CBF8-5C7A-7D07-73F07D9A0972}"
EndProject
Project("{FAE04EC0-301F-11D3-BF4B-00C04F79EFBC}") = "Unity.ShaderGraph.Editor.Tests", "Unity.ShaderGraph.Editor.Tests.csproj", "{33BFA6C3-065C-AAE5-5AE7-4E2D909A35C4}"
EndProject
Project("{FAE04EC0-301F-11D3-BF4B-00C04F79EFBC}") = "Unity.TextMeshPro.Editor", "Unity.TextMeshPro.Editor.csproj", "{3A848AB7-9891-EDDA-D555-BF184C2F81F4}"
EndProject
Project("{FAE04EC0-301F-11D3-BF4B-00C04F79EFBC}") = "Unity.VisualEffectGraph.EditorTests", "Unity.VisualEffectGraph.EditorTests.csproj", "{5E79FF24-F0FB-0930-197D-30C350E5A024}"
EndProject
Project("{FAE04EC0-301F-11D3-BF4B-00C04F79EFBC}") = "Unity.RenderPipelines.HighDefinition.Editor.Tests", "Unity.RenderPipelines.HighDefinition.Editor.Tests.csproj", "{FECEA316-628B-905F-4345-849678C8E7F8}"
EndProject
Project("{FAE04EC0-301F-11D3-BF4B-00C04F79EFBC}") = "HDRP_Tests_Editor", "HDRP_Tests_Editor.csproj", "{75C018DE-E95F-1327-FCA2-9582485E21EE}"
EndProject
Project("{FAE04EC0-301F-11D3-BF4B-00C04F79EFBC}") = "UnityEditor.TestTools.Graphics", "UnityEditor.TestTools.Graphics.csproj", "{DE4D1CBE-23E6-018F-313D-7CA13C221252}"
EndProject
Project("{FAE04EC0-301F-11D3-BF4B-00C04F79EFBC}") = "UnityEditor.StandardEvents", "UnityEditor.StandardEvents.csproj", "{6800202F-4402-D405-F8CB-03DC7BD78B92}"
EndProject
Project("{FAE04EC0-301F-11D3-BF4B-00C04F79EFBC}") = "LWEditorTests", "LWEditorTests.csproj", "{F950932F-7E82-F0AC-DC88-418B0A751A57}"
EndProject
Project("{FAE04EC0-301F-11D3-BF4B-00C04F79EFBC}") = "Environment.Editor", "Environment.Editor.csproj", "{158923AE-B1CF-E896-9803-ECBA770F073A}"
EndProject
Project("{FAE04EC0-301F-11D3-BF4B-00C04F79EFBC}") = "HDRP_TestRunner_Editor", "HDRP_TestRunner_Editor.csproj", "{48DD9004-FC68-2164-389F-3015B3FFBE87}"
EndProject
Project("{FAE04EC0-301F-11D3-BF4B-00C04F79EFBC}") = "ShaderGraphGraphicsTestsEditor", "ShaderGraphGraphicsTestsEditor.csproj", "{699214B8-2AE1-48DC-8974-7A2C57AE46B9}"
EndProject
Project("{FAE04EC0-301F-11D3-BF4B-00C04F79EFBC}") = "Unity.RenderPipelines.Lightweight.Editor.Tests", "Unity.RenderPipelines.Lightweight.Editor.Tests.csproj", "{4FF626E6-F6DE-59CE-B071-E5E656B4D6BF}"
EndProject
Project("{FAE04EC0-301F-11D3-BF4B-00C04F79EFBC}") = "Unity.RenderPipelines.Core.Editor.Tests", "Unity.RenderPipelines.Core.Editor.Tests.csproj", "{58A690EE-E6F6-EDFD-B5CD-15567CA0E16C}"
EndProject
Global
	GlobalSection(SolutionConfigurationPlatforms) = preSolution
		Debug|Any CPU = Debug|Any CPU
		Release|Any CPU = Release|Any CPU
	EndGlobalSection
	GlobalSection(ProjectConfigurationPlatforms) = postSolution
		{D97176E3-1FE1-7E87-8C27-63C7D96E0551}.Debug|Any CPU.ActiveCfg = Debug|Any CPU
		{D97176E3-1FE1-7E87-8C27-63C7D96E0551}.Debug|Any CPU.Build.0 = Debug|Any CPU
		{D97176E3-1FE1-7E87-8C27-63C7D96E0551}.Release|Any CPU.ActiveCfg = Release|Any CPU
		{D97176E3-1FE1-7E87-8C27-63C7D96E0551}.Release|Any CPU.Build.0 = Release|Any CPU
		{20C4AF30-8D9D-DC8E-B9C2-BDAF960C1BA1}.Debug|Any CPU.ActiveCfg = Debug|Any CPU
		{20C4AF30-8D9D-DC8E-B9C2-BDAF960C1BA1}.Debug|Any CPU.Build.0 = Debug|Any CPU
		{20C4AF30-8D9D-DC8E-B9C2-BDAF960C1BA1}.Release|Any CPU.ActiveCfg = Release|Any CPU
		{20C4AF30-8D9D-DC8E-B9C2-BDAF960C1BA1}.Release|Any CPU.Build.0 = Release|Any CPU
		{3B488B6D-AC6E-D0C4-B559-4453A0C60885}.Debug|Any CPU.ActiveCfg = Debug|Any CPU
		{3B488B6D-AC6E-D0C4-B559-4453A0C60885}.Debug|Any CPU.Build.0 = Debug|Any CPU
		{3B488B6D-AC6E-D0C4-B559-4453A0C60885}.Release|Any CPU.ActiveCfg = Release|Any CPU
		{3B488B6D-AC6E-D0C4-B559-4453A0C60885}.Release|Any CPU.Build.0 = Release|Any CPU
		{B17BB77F-EEE8-DD43-6888-4A15EBA47DF6}.Debug|Any CPU.ActiveCfg = Debug|Any CPU
		{B17BB77F-EEE8-DD43-6888-4A15EBA47DF6}.Debug|Any CPU.Build.0 = Debug|Any CPU
		{B17BB77F-EEE8-DD43-6888-4A15EBA47DF6}.Release|Any CPU.ActiveCfg = Release|Any CPU
		{B17BB77F-EEE8-DD43-6888-4A15EBA47DF6}.Release|Any CPU.Build.0 = Release|Any CPU
		{FCBD67EC-29CD-1CFA-DD5A-DE23C045E679}.Debug|Any CPU.ActiveCfg = Debug|Any CPU
		{FCBD67EC-29CD-1CFA-DD5A-DE23C045E679}.Debug|Any CPU.Build.0 = Debug|Any CPU
		{FCBD67EC-29CD-1CFA-DD5A-DE23C045E679}.Release|Any CPU.ActiveCfg = Release|Any CPU
		{FCBD67EC-29CD-1CFA-DD5A-DE23C045E679}.Release|Any CPU.Build.0 = Release|Any CPU
		{07A21C90-D344-AE1A-8456-9910C203B41A}.Debug|Any CPU.ActiveCfg = Debug|Any CPU
		{07A21C90-D344-AE1A-8456-9910C203B41A}.Debug|Any CPU.Build.0 = Debug|Any CPU
		{07A21C90-D344-AE1A-8456-9910C203B41A}.Release|Any CPU.ActiveCfg = Release|Any CPU
		{07A21C90-D344-AE1A-8456-9910C203B41A}.Release|Any CPU.Build.0 = Release|Any CPU
		{DF88BCE8-B64F-969D-3C39-F0C65EF04F6B}.Debug|Any CPU.ActiveCfg = Debug|Any CPU
		{DF88BCE8-B64F-969D-3C39-F0C65EF04F6B}.Debug|Any CPU.Build.0 = Debug|Any CPU
		{DF88BCE8-B64F-969D-3C39-F0C65EF04F6B}.Release|Any CPU.ActiveCfg = Release|Any CPU
		{DF88BCE8-B64F-969D-3C39-F0C65EF04F6B}.Release|Any CPU.Build.0 = Release|Any CPU
		{B129259C-E516-F40A-A1F8-06C9E623B5CA}.Debug|Any CPU.ActiveCfg = Debug|Any CPU
		{B129259C-E516-F40A-A1F8-06C9E623B5CA}.Debug|Any CPU.Build.0 = Debug|Any CPU
		{B129259C-E516-F40A-A1F8-06C9E623B5CA}.Release|Any CPU.ActiveCfg = Release|Any CPU
		{B129259C-E516-F40A-A1F8-06C9E623B5CA}.Release|Any CPU.Build.0 = Release|Any CPU
		{CBCB4456-0002-6059-62B9-7911594C8F27}.Debug|Any CPU.ActiveCfg = Debug|Any CPU
		{CBCB4456-0002-6059-62B9-7911594C8F27}.Debug|Any CPU.Build.0 = Debug|Any CPU
		{CBCB4456-0002-6059-62B9-7911594C8F27}.Release|Any CPU.ActiveCfg = Release|Any CPU
		{CBCB4456-0002-6059-62B9-7911594C8F27}.Release|Any CPU.Build.0 = Release|Any CPU
		{F51A8353-D473-3AE1-B0FF-0279E8A405B6}.Debug|Any CPU.ActiveCfg = Debug|Any CPU
		{F51A8353-D473-3AE1-B0FF-0279E8A405B6}.Debug|Any CPU.Build.0 = Debug|Any CPU
		{F51A8353-D473-3AE1-B0FF-0279E8A405B6}.Release|Any CPU.ActiveCfg = Release|Any CPU
		{F51A8353-D473-3AE1-B0FF-0279E8A405B6}.Release|Any CPU.Build.0 = Release|Any CPU
		{A6626B05-6FBD-8F0A-4FDC-4696921E1A9A}.Debug|Any CPU.ActiveCfg = Debug|Any CPU
		{A6626B05-6FBD-8F0A-4FDC-4696921E1A9A}.Debug|Any CPU.Build.0 = Debug|Any CPU
		{A6626B05-6FBD-8F0A-4FDC-4696921E1A9A}.Release|Any CPU.ActiveCfg = Release|Any CPU
		{A6626B05-6FBD-8F0A-4FDC-4696921E1A9A}.Release|Any CPU.Build.0 = Release|Any CPU
		{62183360-C7C0-1A34-F9C9-9724562EE422}.Debug|Any CPU.ActiveCfg = Debug|Any CPU
		{62183360-C7C0-1A34-F9C9-9724562EE422}.Debug|Any CPU.Build.0 = Debug|Any CPU
		{62183360-C7C0-1A34-F9C9-9724562EE422}.Release|Any CPU.ActiveCfg = Release|Any CPU
		{62183360-C7C0-1A34-F9C9-9724562EE422}.Release|Any CPU.Build.0 = Release|Any CPU
		{A4D083DE-095F-E880-6AFA-A8363BA34EEB}.Debug|Any CPU.ActiveCfg = Debug|Any CPU
		{A4D083DE-095F-E880-6AFA-A8363BA34EEB}.Debug|Any CPU.Build.0 = Debug|Any CPU
		{A4D083DE-095F-E880-6AFA-A8363BA34EEB}.Release|Any CPU.ActiveCfg = Release|Any CPU
		{A4D083DE-095F-E880-6AFA-A8363BA34EEB}.Release|Any CPU.Build.0 = Release|Any CPU
		{E27B0D2E-E55F-AC59-1733-A314CC18EE8B}.Debug|Any CPU.ActiveCfg = Debug|Any CPU
		{E27B0D2E-E55F-AC59-1733-A314CC18EE8B}.Debug|Any CPU.Build.0 = Debug|Any CPU
		{E27B0D2E-E55F-AC59-1733-A314CC18EE8B}.Release|Any CPU.ActiveCfg = Release|Any CPU
		{E27B0D2E-E55F-AC59-1733-A314CC18EE8B}.Release|Any CPU.Build.0 = Release|Any CPU
		{C855D395-0445-D14A-EA89-A5D6D36240C1}.Debug|Any CPU.ActiveCfg = Debug|Any CPU
		{C855D395-0445-D14A-EA89-A5D6D36240C1}.Debug|Any CPU.Build.0 = Debug|Any CPU
		{C855D395-0445-D14A-EA89-A5D6D36240C1}.Release|Any CPU.ActiveCfg = Release|Any CPU
		{C855D395-0445-D14A-EA89-A5D6D36240C1}.Release|Any CPU.Build.0 = Release|Any CPU
		{F6D1ED2B-82C9-7E74-6DCB-F1F3369A6149}.Debug|Any CPU.ActiveCfg = Debug|Any CPU
		{F6D1ED2B-82C9-7E74-6DCB-F1F3369A6149}.Debug|Any CPU.Build.0 = Debug|Any CPU
		{F6D1ED2B-82C9-7E74-6DCB-F1F3369A6149}.Release|Any CPU.ActiveCfg = Release|Any CPU
		{F6D1ED2B-82C9-7E74-6DCB-F1F3369A6149}.Release|Any CPU.Build.0 = Release|Any CPU
		{2E0808BE-BDBE-CD4F-0AE9-68BC102FF9CD}.Debug|Any CPU.ActiveCfg = Debug|Any CPU
		{2E0808BE-BDBE-CD4F-0AE9-68BC102FF9CD}.Debug|Any CPU.Build.0 = Debug|Any CPU
		{2E0808BE-BDBE-CD4F-0AE9-68BC102FF9CD}.Release|Any CPU.ActiveCfg = Release|Any CPU
		{2E0808BE-BDBE-CD4F-0AE9-68BC102FF9CD}.Release|Any CPU.Build.0 = Release|Any CPU
		{114AAB78-0DA4-48AB-A359-9E0515221173}.Debug|Any CPU.ActiveCfg = Debug|Any CPU
		{114AAB78-0DA4-48AB-A359-9E0515221173}.Debug|Any CPU.Build.0 = Debug|Any CPU
		{114AAB78-0DA4-48AB-A359-9E0515221173}.Release|Any CPU.ActiveCfg = Release|Any CPU
		{114AAB78-0DA4-48AB-A359-9E0515221173}.Release|Any CPU.Build.0 = Release|Any CPU
		{21FE3B2C-E13B-425A-BFBA-789779C1B460}.Debug|Any CPU.ActiveCfg = Debug|Any CPU
		{21FE3B2C-E13B-425A-BFBA-789779C1B460}.Debug|Any CPU.Build.0 = Debug|Any CPU
		{21FE3B2C-E13B-425A-BFBA-789779C1B460}.Release|Any CPU.ActiveCfg = Release|Any CPU
		{21FE3B2C-E13B-425A-BFBA-789779C1B460}.Release|Any CPU.Build.0 = Release|Any CPU
		{097081EC-B172-781E-F676-D45E858A96D6}.Debug|Any CPU.ActiveCfg = Debug|Any CPU
		{097081EC-B172-781E-F676-D45E858A96D6}.Debug|Any CPU.Build.0 = Debug|Any CPU
		{097081EC-B172-781E-F676-D45E858A96D6}.Release|Any CPU.ActiveCfg = Release|Any CPU
		{097081EC-B172-781E-F676-D45E858A96D6}.Release|Any CPU.Build.0 = Release|Any CPU
		{158923AE-B1CF-E896-9803-ECBA770F073A}.Debug|Any CPU.ActiveCfg = Debug|Any CPU
		{158923AE-B1CF-E896-9803-ECBA770F073A}.Debug|Any CPU.Build.0 = Debug|Any CPU
		{158923AE-B1CF-E896-9803-ECBA770F073A}.Release|Any CPU.ActiveCfg = Release|Any CPU
		{158923AE-B1CF-E896-9803-ECBA770F073A}.Release|Any CPU.Build.0 = Release|Any CPU
		{2EB5BD84-25A3-2218-54E3-84F56A379D41}.Debug|Any CPU.ActiveCfg = Debug|Any CPU
		{2EB5BD84-25A3-2218-54E3-84F56A379D41}.Debug|Any CPU.Build.0 = Debug|Any CPU
		{2EB5BD84-25A3-2218-54E3-84F56A379D41}.Release|Any CPU.ActiveCfg = Release|Any CPU
		{2EB5BD84-25A3-2218-54E3-84F56A379D41}.Release|Any CPU.Build.0 = Release|Any CPU
		{6877705C-FBD9-0C4F-5AFB-6FB431E5D39D}.Debug|Any CPU.ActiveCfg = Debug|Any CPU
		{6877705C-FBD9-0C4F-5AFB-6FB431E5D39D}.Debug|Any CPU.Build.0 = Debug|Any CPU
		{6877705C-FBD9-0C4F-5AFB-6FB431E5D39D}.Release|Any CPU.ActiveCfg = Release|Any CPU
		{6877705C-FBD9-0C4F-5AFB-6FB431E5D39D}.Release|Any CPU.Build.0 = Release|Any CPU
		{436735F6-122B-A7BD-51AF-A6DE21F93312}.Debug|Any CPU.ActiveCfg = Debug|Any CPU
		{436735F6-122B-A7BD-51AF-A6DE21F93312}.Debug|Any CPU.Build.0 = Debug|Any CPU
		{436735F6-122B-A7BD-51AF-A6DE21F93312}.Release|Any CPU.ActiveCfg = Release|Any CPU
		{436735F6-122B-A7BD-51AF-A6DE21F93312}.Release|Any CPU.Build.0 = Release|Any CPU
		{EDC54531-1C68-9C68-05EA-89DE05B39F96}.Debug|Any CPU.ActiveCfg = Debug|Any CPU
		{EDC54531-1C68-9C68-05EA-89DE05B39F96}.Debug|Any CPU.Build.0 = Debug|Any CPU
		{EDC54531-1C68-9C68-05EA-89DE05B39F96}.Release|Any CPU.ActiveCfg = Release|Any CPU
		{EDC54531-1C68-9C68-05EA-89DE05B39F96}.Release|Any CPU.Build.0 = Release|Any CPU
		{A1B3D246-CBF8-5C7A-7D07-73F07D9A0972}.Debug|Any CPU.ActiveCfg = Debug|Any CPU
		{A1B3D246-CBF8-5C7A-7D07-73F07D9A0972}.Debug|Any CPU.Build.0 = Debug|Any CPU
		{A1B3D246-CBF8-5C7A-7D07-73F07D9A0972}.Release|Any CPU.ActiveCfg = Release|Any CPU
		{A1B3D246-CBF8-5C7A-7D07-73F07D9A0972}.Release|Any CPU.Build.0 = Release|Any CPU
		{33BFA6C3-065C-AAE5-5AE7-4E2D909A35C4}.Debug|Any CPU.ActiveCfg = Debug|Any CPU
		{33BFA6C3-065C-AAE5-5AE7-4E2D909A35C4}.Debug|Any CPU.Build.0 = Debug|Any CPU
		{33BFA6C3-065C-AAE5-5AE7-4E2D909A35C4}.Release|Any CPU.ActiveCfg = Release|Any CPU
		{33BFA6C3-065C-AAE5-5AE7-4E2D909A35C4}.Release|Any CPU.Build.0 = Release|Any CPU
		{3A848AB7-9891-EDDA-D555-BF184C2F81F4}.Debug|Any CPU.ActiveCfg = Debug|Any CPU
		{3A848AB7-9891-EDDA-D555-BF184C2F81F4}.Debug|Any CPU.Build.0 = Debug|Any CPU
		{3A848AB7-9891-EDDA-D555-BF184C2F81F4}.Release|Any CPU.ActiveCfg = Release|Any CPU
		{3A848AB7-9891-EDDA-D555-BF184C2F81F4}.Release|Any CPU.Build.0 = Release|Any CPU
		{5E79FF24-F0FB-0930-197D-30C350E5A024}.Debug|Any CPU.ActiveCfg = Debug|Any CPU
		{5E79FF24-F0FB-0930-197D-30C350E5A024}.Debug|Any CPU.Build.0 = Debug|Any CPU
		{5E79FF24-F0FB-0930-197D-30C350E5A024}.Release|Any CPU.ActiveCfg = Release|Any CPU
		{5E79FF24-F0FB-0930-197D-30C350E5A024}.Release|Any CPU.Build.0 = Release|Any CPU
		{FECEA316-628B-905F-4345-849678C8E7F8}.Debug|Any CPU.ActiveCfg = Debug|Any CPU
		{FECEA316-628B-905F-4345-849678C8E7F8}.Debug|Any CPU.Build.0 = Debug|Any CPU
		{FECEA316-628B-905F-4345-849678C8E7F8}.Release|Any CPU.ActiveCfg = Release|Any CPU
		{FECEA316-628B-905F-4345-849678C8E7F8}.Release|Any CPU.Build.0 = Release|Any CPU
		{75C018DE-E95F-1327-FCA2-9582485E21EE}.Debug|Any CPU.ActiveCfg = Debug|Any CPU
		{75C018DE-E95F-1327-FCA2-9582485E21EE}.Debug|Any CPU.Build.0 = Debug|Any CPU
		{75C018DE-E95F-1327-FCA2-9582485E21EE}.Release|Any CPU.ActiveCfg = Release|Any CPU
		{75C018DE-E95F-1327-FCA2-9582485E21EE}.Release|Any CPU.Build.0 = Release|Any CPU
		{DE4D1CBE-23E6-018F-313D-7CA13C221252}.Debug|Any CPU.ActiveCfg = Debug|Any CPU
		{DE4D1CBE-23E6-018F-313D-7CA13C221252}.Debug|Any CPU.Build.0 = Debug|Any CPU
		{DE4D1CBE-23E6-018F-313D-7CA13C221252}.Release|Any CPU.ActiveCfg = Release|Any CPU
		{DE4D1CBE-23E6-018F-313D-7CA13C221252}.Release|Any CPU.Build.0 = Release|Any CPU
		{6800202F-4402-D405-F8CB-03DC7BD78B92}.Debug|Any CPU.ActiveCfg = Debug|Any CPU
		{6800202F-4402-D405-F8CB-03DC7BD78B92}.Debug|Any CPU.Build.0 = Debug|Any CPU
		{6800202F-4402-D405-F8CB-03DC7BD78B92}.Release|Any CPU.ActiveCfg = Release|Any CPU
		{6800202F-4402-D405-F8CB-03DC7BD78B92}.Release|Any CPU.Build.0 = Release|Any CPU
		{F950932F-7E82-F0AC-DC88-418B0A751A57}.Debug|Any CPU.ActiveCfg = Debug|Any CPU
		{F950932F-7E82-F0AC-DC88-418B0A751A57}.Debug|Any CPU.Build.0 = Debug|Any CPU
		{F950932F-7E82-F0AC-DC88-418B0A751A57}.Release|Any CPU.ActiveCfg = Release|Any CPU
		{F950932F-7E82-F0AC-DC88-418B0A751A57}.Release|Any CPU.Build.0 = Release|Any CPU
		{158923AE-B1CF-E896-9803-ECBA770F073A}.Debug|Any CPU.ActiveCfg = Debug|Any CPU
		{158923AE-B1CF-E896-9803-ECBA770F073A}.Debug|Any CPU.Build.0 = Debug|Any CPU
		{158923AE-B1CF-E896-9803-ECBA770F073A}.Release|Any CPU.ActiveCfg = Release|Any CPU
		{158923AE-B1CF-E896-9803-ECBA770F073A}.Release|Any CPU.Build.0 = Release|Any CPU
		{48DD9004-FC68-2164-389F-3015B3FFBE87}.Debug|Any CPU.ActiveCfg = Debug|Any CPU
		{48DD9004-FC68-2164-389F-3015B3FFBE87}.Debug|Any CPU.Build.0 = Debug|Any CPU
		{48DD9004-FC68-2164-389F-3015B3FFBE87}.Release|Any CPU.ActiveCfg = Release|Any CPU
		{48DD9004-FC68-2164-389F-3015B3FFBE87}.Release|Any CPU.Build.0 = Release|Any CPU
		{699214B8-2AE1-48DC-8974-7A2C57AE46B9}.Debug|Any CPU.ActiveCfg = Debug|Any CPU
		{699214B8-2AE1-48DC-8974-7A2C57AE46B9}.Debug|Any CPU.Build.0 = Debug|Any CPU
		{699214B8-2AE1-48DC-8974-7A2C57AE46B9}.Release|Any CPU.ActiveCfg = Release|Any CPU
		{699214B8-2AE1-48DC-8974-7A2C57AE46B9}.Release|Any CPU.Build.0 = Release|Any CPU
		{4FF626E6-F6DE-59CE-B071-E5E656B4D6BF}.Debug|Any CPU.ActiveCfg = Debug|Any CPU
		{4FF626E6-F6DE-59CE-B071-E5E656B4D6BF}.Debug|Any CPU.Build.0 = Debug|Any CPU
		{4FF626E6-F6DE-59CE-B071-E5E656B4D6BF}.Release|Any CPU.ActiveCfg = Release|Any CPU
		{4FF626E6-F6DE-59CE-B071-E5E656B4D6BF}.Release|Any CPU.Build.0 = Release|Any CPU
		{58A690EE-E6F6-EDFD-B5CD-15567CA0E16C}.Debug|Any CPU.ActiveCfg = Debug|Any CPU
		{58A690EE-E6F6-EDFD-B5CD-15567CA0E16C}.Debug|Any CPU.Build.0 = Debug|Any CPU
		{58A690EE-E6F6-EDFD-B5CD-15567CA0E16C}.Release|Any CPU.ActiveCfg = Release|Any CPU
		{58A690EE-E6F6-EDFD-B5CD-15567CA0E16C}.Release|Any CPU.Build.0 = Release|Any CPU
	EndGlobalSection
	GlobalSection(SolutionProperties) = preSolution
		HideSolutionNode = FALSE
	EndGlobalSection
EndGlobal
