
Microsoft Visual Studio Solution File, Format Version 12.00
# Visual Studio 15
Project("{FAE04EC0-301F-11D3-BF4B-00C04F79EFBC}") = "Assembly-CSharp", "Assembly-CSharp.csproj", "{949B35D4-E233-C7E7-7D99-272981352BF7}"
EndProject
Project("{FAE04EC0-301F-11D3-BF4B-00C04F79EFBC}") = "Oculus.VR", "Oculus.VR.csproj", "{A0E9E4A2-8CF2-3F32-E90A-650DF09B595B}"
EndProject
Project("{FAE04EC0-301F-11D3-BF4B-00C04F79EFBC}") = "Assembly-CSharp-Editor", "Assembly-CSharp-Editor.csproj", "{2BA5AD9D-BFEF-8D00-7B50-7852B57B2AE0}"
EndProject
Project("{FAE04EC0-301F-11D3-BF4B-00C04F79EFBC}") = "Oculus.VR.Scripts.Editor", "Oculus.VR.Scripts.Editor.csproj", "{8A14FA4C-53B2-337E-FE28-F5098BDAE970}"
EndProject
Project("{FAE04EC0-301F-11D3-BF4B-00C04F79EFBC}") = "Oculus.VR.Editor", "Oculus.VR.Editor.csproj", "{6151023B-8D46-A2DB-AC6B-5F409BE71B09}"
EndProject
Global
	GlobalSection(SolutionConfigurationPlatforms) = preSolution
		Debug|Any CPU = Debug|Any CPU
		Release|Any CPU = Release|Any CPU
	EndGlobalSection
	GlobalSection(ProjectConfigurationPlatforms) = postSolution
		{949B35D4-E233-C7E7-7D99-272981352BF7}.Debug|Any CPU.ActiveCfg = Debug|Any CPU
		{949B35D4-E233-C7E7-7D99-272981352BF7}.Debug|Any CPU.Build.0 = Debug|Any CPU
		{949B35D4-E233-C7E7-7D99-272981352BF7}.Release|Any CPU.ActiveCfg = Release|Any CPU
		{949B35D4-E233-C7E7-7D99-272981352BF7}.Release|Any CPU.Build.0 = Release|Any CPU
		{A0E9E4A2-8CF2-3F32-E90A-650DF09B595B}.Debug|Any CPU.ActiveCfg = Debug|Any CPU
		{A0E9E4A2-8CF2-3F32-E90A-650DF09B595B}.Debug|Any CPU.Build.0 = Debug|Any CPU
		{A0E9E4A2-8CF2-3F32-E90A-650DF09B595B}.Release|Any CPU.ActiveCfg = Release|Any CPU
		{A0E9E4A2-8CF2-3F32-E90A-650DF09B595B}.Release|Any CPU.Build.0 = Release|Any CPU
		{2BA5AD9D-BFEF-8D00-7B50-7852B57B2AE0}.Debug|Any CPU.ActiveCfg = Debug|Any CPU
		{2BA5AD9D-BFEF-8D00-7B50-7852B57B2AE0}.Debug|Any CPU.Build.0 = Debug|Any CPU
		{2BA5AD9D-BFEF-8D00-7B50-7852B57B2AE0}.Release|Any CPU.ActiveCfg = Release|Any CPU
		{2BA5AD9D-BFEF-8D00-7B50-7852B57B2AE0}.Release|Any CPU.Build.0 = Release|Any CPU
		{8A14FA4C-53B2-337E-FE28-F5098BDAE970}.Debug|Any CPU.ActiveCfg = Debug|Any CPU
		{8A14FA4C-53B2-337E-FE28-F5098BDAE970}.Debug|Any CPU.Build.0 = Debug|Any CPU
		{8A14FA4C-53B2-337E-FE28-F5098BDAE970}.Release|Any CPU.ActiveCfg = Release|Any CPU
		{8A14FA4C-53B2-337E-FE28-F5098BDAE970}.Release|Any CPU.Build.0 = Release|Any CPU
		{6151023B-8D46-A2DB-AC6B-5F409BE71B09}.Debug|Any CPU.ActiveCfg = Debug|Any CPU
		{6151023B-8D46-A2DB-AC6B-5F409BE71B09}.Debug|Any CPU.Build.0 = Debug|Any CPU
		{6151023B-8D46-A2DB-AC6B-5F409BE71B09}.Release|Any CPU.ActiveCfg = Release|Any CPU
		{6151023B-8D46-A2DB-AC6B-5F409BE71B09}.Release|Any CPU.Build.0 = Release|Any CPU
	EndGlobalSection
	GlobalSection(SolutionProperties) = preSolution
		HideSolutionNode = FALSE
	EndGlobalSection
EndGlobal
